
Microsoft Visual Studio Solution File, Format Version 12.00
# Visual Studio Version 17
VisualStudioVersion = 17.11.35005.142
MinimumVisualStudioVersion = 10.0.40219.1
Project("{FAE04EC0-301F-11D3-BF4B-00C04F79EFBC}") = "Zalo-mini-app-backend", "Zalo-mini-app-backend\Zalo-mini-app-backend.csproj", "{924A031A-F7D4-4542-A0A4-B0BA82582832}"
EndProject
Global
	GlobalSection(SolutionConfigurationPlatforms) = preSolution
		Debug|Any CPU = Debug|Any CPU
		Release|Any CPU = Release|Any CPU
	EndGlobalSection
	GlobalSection(ProjectConfigurationPlatforms) = postSolution
		{924A031A-F7D4-4542-A0A4-B0BA82582832}.Debug|Any CPU.ActiveCfg = Debug|Any CPU
		{924A031A-F7D4-4542-A0A4-B0BA82582832}.Debug|Any CPU.Build.0 = Debug|Any CPU
		{924A031A-F7D4-4542-A0A4-B0BA82582832}.Release|Any CPU.ActiveCfg = Release|Any CPU
		{924A031A-F7D4-4542-A0A4-B0BA82582832}.Release|Any CPU.Build.0 = Release|Any CPU
	EndGlobalSection
	GlobalSection(SolutionProperties) = preSolution
		HideSolutionNode = FALSE
	EndGlobalSection
	GlobalSection(ExtensibilityGlobals) = postSolution
		SolutionGuid = {6184E715-DD61-44DE-B674-4548FB2E6E01}
	EndGlobalSection
EndGlobal
